# THIS IS AN AUTOGENERATED FILE. DO NOT EDIT THIS FILE DIRECTLY.
# yarn lockfile v1


"@prisma/photon@^2.0.0-preview017":
  version "2.0.0-preview017"
  resolved "https://registry.yarnpkg.com/@prisma/photon/-/photon-2.0.0-preview017.tgz#2b2ef8bfc63ce393ed0e4149976a7833dd123b95"
  integrity sha512-O/SGsJoQ/3+eRLVLJMyRhzHa+TFZFBtUYkA9m88Y7vA8/4DslSzCGcY43P9Um5LHOa8Po4GGEBrJcCHyz62HLw==

typescript@^3.8.0-dev.20191126:
  version "3.8.0-dev.20191126"
  resolved "https://registry.yarnpkg.com/typescript/-/typescript-3.8.0-dev.20191126.tgz#f890bc616f5cf1fd004ba9ef9e02989a4abadf23"
  integrity sha512-ItwqPbjcSzsbJAtJtoxK0fejYDDL2VHY6XAg6BH38l0QNXu+4QN73nUw1k/ihYsbjWJqO77fpUeMElHhPonuag==
